<?xml version="1.0" encoding="utf-8"?>
<Project ToolsVersion="17.0" xmlns="http://schemas.microsoft.com/developer/msbuild/2003">
  <ItemGroup>
    <ClCompile Include="C:\Geant4\workwithg4\TestEm10\TestEm10.cc">
      <Filter>Source Files</Filter>
    </ClCompile>
    <ClCompile Include="C:\Geant4\workwithg4\TestEm10\src\CrystalTarget.cc">
      <Filter>Source Files</Filter>
    </ClCompile>
    <ClCompile Include="C:\Geant4\workwithg4\TestEm10\src\DetectorALICE06.cc">
      <Filter>Source Files</Filter>
    </ClCompile>
    <ClCompile Include="C:\Geant4\workwithg4\TestEm10\src\DetectorBari05.cc">
      <Filter>Source Files</Filter>
    </ClCompile>
    <ClCompile Include="C:\Geant4\workwithg4\TestEm10\src\DetectorBarr90.cc">
      <Filter>Source Files</Filter>
    </ClCompile>
    <ClCompile Include="C:\Geant4\workwithg4\TestEm10\src\DetectorConstruction.cc">
      <Filter>Source Files</Filter>
    </ClCompile>
    <ClCompile Include="C:\Geant4\workwithg4\TestEm10\src\DetectorHarris73.cc">
      <Filter>Source Files</Filter>
    </ClCompile>
    <ClCompile Include="C:\Geant4\workwithg4\TestEm10\src\DetectorMessenger.cc">
      <Filter>Source Files</Filter>
    </ClCompile>
    <ClCompile Include="C:\Geant4\workwithg4\TestEm10\src\DetectorSimpleALICE.cc">
      <Filter>Source Files</Filter>
    </ClCompile>
    <ClCompile Include="C:\Geant4\workwithg4\TestEm10\src\DetectorWatase86.cc">
      <Filter>Source Files</Filter>
    </ClCompile>
    <ClCompile Include="C:\Geant4\workwithg4\TestEm10\src\EventAction.cc">
      <Filter>Source Files</Filter>
    </ClCompile>
    <ClCompile Include="C:\Geant4\workwithg4\TestEm10\src\G4ChanRad.cc">
      <Filter>Source Files</Filter>
    </ClCompile>
    <ClCompile Include="C:\Geant4\workwithg4\TestEm10\src\Materials.cc">
      <Filter>Source Files</Filter>
    </ClCompile>
    <ClCompile Include="C:\Geant4\workwithg4\TestEm10\src\PhysicsList.cc">
      <Filter>Source Files</Filter>
    </ClCompile>
    <ClCompile Include="C:\Geant4\workwithg4\TestEm10\src\PhysicsListMessenger.cc">
      <Filter>Source Files</Filter>
    </ClCompile>
    <ClCompile Include="C:\Geant4\workwithg4\TestEm10\src\PrimaryGeneratorAction.cc">
      <Filter>Source Files</Filter>
    </ClCompile>
    <ClCompile Include="C:\Geant4\workwithg4\TestEm10\src\RunAction.cc">
      <Filter>Source Files</Filter>
    </ClCompile>
    <ClCompile Include="C:\Geant4\workwithg4\TestEm10\src\RunMessenger.cc">
      <Filter>Source Files</Filter>
    </ClCompile>
    <ClCompile Include="C:\Geant4\workwithg4\TestEm10\src\SensitiveDetector.cc">
      <Filter>Source Files</Filter>
    </ClCompile>
    <ClCompile Include="C:\Geant4\workwithg4\TestEm10\src\StackingAction.cc">
      <Filter>Source Files</Filter>
    </ClCompile>
    <ClCompile Include="C:\Geant4\workwithg4\TestEm10\src\StepMax.cc">
      <Filter>Source Files</Filter>
    </ClCompile>
    <ClCompile Include="C:\Geant4\workwithg4\TestEm10\src\StepMaxMessenger.cc">
      <Filter>Source Files</Filter>
    </ClCompile>
    <ClCompile Include="C:\Geant4\workwithg4\TestEm10\src\TransitionRadiationPhysics.cc">
      <Filter>Source Files</Filter>
    </ClCompile>
    <ClCompile Include="C:\Geant4\workwithg4\TestEm10\src\crystal_functions.cc">
      <Filter>Source Files</Filter>
    </ClCompile>
    <ClCompile Include="C:\Geant4\workwithg4\TestEm10\src\phys_const.cc">
      <Filter>Source Files</Filter>
    </ClCompile>
  </ItemGroup>
  <ItemGroup>
    <ClInclude Include="C:\Geant4\workwithg4\TestEm10\include\CrystalTarget.hh">
      <Filter>Header Files</Filter>
    </ClInclude>
    <ClInclude Include="C:\Geant4\workwithg4\TestEm10\include\DetectorALICE06.hh">
      <Filter>Header Files</Filter>
    </ClInclude>
    <ClInclude Include="C:\Geant4\workwithg4\TestEm10\include\DetectorBari05.hh">
      <Filter>Header Files</Filter>
    </ClInclude>
    <ClInclude Include="C:\Geant4\workwithg4\TestEm10\include\DetectorBarr90.hh">
      <Filter>Header Files</Filter>
    </ClInclude>
    <ClInclude Include="C:\Geant4\workwithg4\TestEm10\include\DetectorConstruction.hh">
      <Filter>Header Files</Filter>
    </ClInclude>
    <ClInclude Include="C:\Geant4\workwithg4\TestEm10\include\DetectorHarris73.hh">
      <Filter>Header Files</Filter>
    </ClInclude>
    <ClInclude Include="C:\Geant4\workwithg4\TestEm10\include\DetectorMessenger.hh">
      <Filter>Header Files</Filter>
    </ClInclude>
    <ClInclude Include="C:\Geant4\workwithg4\TestEm10\include\DetectorSimpleALICE.hh">
      <Filter>Header Files</Filter>
    </ClInclude>
    <ClInclude Include="C:\Geant4\workwithg4\TestEm10\include\DetectorWatase86.hh">
      <Filter>Header Files</Filter>
    </ClInclude>
    <ClInclude Include="C:\Geant4\workwithg4\TestEm10\include\EventAction.hh">
      <Filter>Header Files</Filter>
    </ClInclude>
    <ClInclude Include="C:\Geant4\workwithg4\TestEm10\include\G4ChanRad.hh">
      <Filter>Header Files</Filter>
    </ClInclude>
    <ClInclude Include="C:\Geant4\workwithg4\TestEm10\include\Materials.hh">
      <Filter>Header Files</Filter>
    </ClInclude>
    <ClInclude Include="C:\Geant4\workwithg4\TestEm10\include\PhysicsList.hh">
      <Filter>Header Files</Filter>
    </ClInclude>
    <ClInclude Include="C:\Geant4\workwithg4\TestEm10\include\PhysicsListMessenger.hh">
      <Filter>Header Files</Filter>
    </ClInclude>
    <ClInclude Include="C:\Geant4\workwithg4\TestEm10\include\PrimaryGeneratorAction.hh">
      <Filter>Header Files</Filter>
    </ClInclude>
    <ClInclude Include="C:\Geant4\workwithg4\TestEm10\include\RadiatorDescription.hh">
      <Filter>Header Files</Filter>
    </ClInclude>
    <ClInclude Include="C:\Geant4\workwithg4\TestEm10\include\RunAction.hh">
      <Filter>Header Files</Filter>
    </ClInclude>
    <ClInclude Include="C:\Geant4\workwithg4\TestEm10\include\RunMessenger.hh">
      <Filter>Header Files</Filter>
    </ClInclude>
    <ClInclude Include="C:\Geant4\workwithg4\TestEm10\include\SensitiveDetector.hh">
      <Filter>Header Files</Filter>
    </ClInclude>
    <ClInclude Include="C:\Geant4\workwithg4\TestEm10\include\StackingAction.hh">
      <Filter>Header Files</Filter>
    </ClInclude>
    <ClInclude Include="C:\Geant4\workwithg4\TestEm10\include\StepMax.hh">
      <Filter>Header Files</Filter>
    </ClInclude>
    <ClInclude Include="C:\Geant4\workwithg4\TestEm10\include\StepMaxMessenger.hh">
      <Filter>Header Files</Filter>
    </ClInclude>
    <ClInclude Include="C:\Geant4\workwithg4\TestEm10\include\TransitionRadiationPhysics.hh">
      <Filter>Header Files</Filter>
    </ClInclude>
    <ClInclude Include="C:\Geant4\workwithg4\TestEm10\include\crystal_functions.hh">
      <Filter>Header Files</Filter>
    </ClInclude>
    <ClInclude Include="C:\Geant4\workwithg4\TestEm10\include\phys_const.hh">
      <Filter>Header Files</Filter>
    </ClInclude>
  </ItemGroup>
  <ItemGroup>
    <CustomBuild Include="C:\Geant4\workwithg4\TestEm10\CMakeLists.txt" />
  </ItemGroup>
  <ItemGroup>
    <Filter Include="Header Files">
      <UniqueIdentifier>{67A55597-C740-37F2-A7D2-98A4A534F233}</UniqueIdentifier>
    </Filter>
    <Filter Include="Source Files">
      <UniqueIdentifier>{1389A12B-ADCA-3BD2-82E6-6DBA10778FFF}</UniqueIdentifier>
    </Filter>
  </ItemGroup>
</Project>
