
Microsoft Visual Studio Solution File, Format Version 12.00
# Visual Studio Version 17
Project("{8BC9CEB8-8B4A-11D0-8D11-00A0C91BC942}") = "ALL_BUILD", "ALL_BUILD.vcxproj", "{D64F8C83-081C-3AE5-8B8F-41A47464C8BC}"
	ProjectSection(ProjectDependencies) = postProject
		{A2B45F73-3367-3F48-9140-3B04BF502D0D} = {A2B45F73-3367-3F48-9140-3B04BF502D0D}
		{6EDEF4F0-0865-3F68-ADD2-422C9B04B9A4} = {6EDEF4F0-0865-3F68-ADD2-422C9B04B9A4}
	EndProjectSection
EndProject
Project("{8BC9CEB8-8B4A-11D0-8D11-00A0C91BC942}") = "INSTALL", "INSTALL.vcxproj", "{D8B2D7E8-822A-3BD7-8E39-81674D1DDF38}"
	ProjectSection(ProjectDependencies) = postProject
		{D64F8C83-081C-3AE5-8B8F-41A47464C8BC} = {D64F8C83-081C-3AE5-8B8F-41A47464C8BC}
		{6EDEF4F0-0865-3F68-ADD2-422C9B04B9A4} = {6EDEF4F0-0865-3F68-ADD2-422C9B04B9A4}
	EndProjectSection
EndProject
Project("{8BC9CEB8-8B4A-11D0-8D11-00A0C91BC942}") = "TestEm10", "TestEm10.vcxproj", "{A2B45F73-3367-3F48-9140-3B04BF502D0D}"
	ProjectSection(ProjectDependencies) = postProject
		{6EDEF4F0-0865-3F68-ADD2-422C9B04B9A4} = {6EDEF4F0-0865-3F68-ADD2-422C9B04B9A4}
	EndProjectSection
EndProject
Project("{8BC9CEB8-8B4A-11D0-8D11-00A0C91BC942}") = "ZERO_CHECK", "ZERO_CHECK.vcxproj", "{6EDEF4F0-0865-3F68-ADD2-422C9B04B9A4}"
	ProjectSection(ProjectDependencies) = postProject
	EndProjectSection
EndProject
Global
	GlobalSection(SolutionConfigurationPlatforms) = preSolution
		Debug|x64 = Debug|x64
		Release|x64 = Release|x64
		MinSizeRel|x64 = MinSizeRel|x64
		RelWithDebInfo|x64 = RelWithDebInfo|x64
	EndGlobalSection
	GlobalSection(ProjectConfigurationPlatforms) = postSolution
		{D64F8C83-081C-3AE5-8B8F-41A47464C8BC}.Debug|x64.ActiveCfg = Debug|x64
		{D64F8C83-081C-3AE5-8B8F-41A47464C8BC}.Debug|x64.Build.0 = Debug|x64
		{D64F8C83-081C-3AE5-8B8F-41A47464C8BC}.Release|x64.ActiveCfg = Release|x64
		{D64F8C83-081C-3AE5-8B8F-41A47464C8BC}.Release|x64.Build.0 = Release|x64
		{D64F8C83-081C-3AE5-8B8F-41A47464C8BC}.MinSizeRel|x64.ActiveCfg = MinSizeRel|x64
		{D64F8C83-081C-3AE5-8B8F-41A47464C8BC}.MinSizeRel|x64.Build.0 = MinSizeRel|x64
		{D64F8C83-081C-3AE5-8B8F-41A47464C8BC}.RelWithDebInfo|x64.ActiveCfg = RelWithDebInfo|x64
		{D64F8C83-081C-3AE5-8B8F-41A47464C8BC}.RelWithDebInfo|x64.Build.0 = RelWithDebInfo|x64
		{D8B2D7E8-822A-3BD7-8E39-81674D1DDF38}.Debug|x64.ActiveCfg = Debug|x64
		{D8B2D7E8-822A-3BD7-8E39-81674D1DDF38}.Release|x64.ActiveCfg = Release|x64
		{D8B2D7E8-822A-3BD7-8E39-81674D1DDF38}.MinSizeRel|x64.ActiveCfg = MinSizeRel|x64
		{D8B2D7E8-822A-3BD7-8E39-81674D1DDF38}.RelWithDebInfo|x64.ActiveCfg = RelWithDebInfo|x64
		{A2B45F73-3367-3F48-9140-3B04BF502D0D}.Debug|x64.ActiveCfg = Debug|x64
		{A2B45F73-3367-3F48-9140-3B04BF502D0D}.Debug|x64.Build.0 = Debug|x64
		{A2B45F73-3367-3F48-9140-3B04BF502D0D}.Release|x64.ActiveCfg = Release|x64
		{A2B45F73-3367-3F48-9140-3B04BF502D0D}.Release|x64.Build.0 = Release|x64
		{A2B45F73-3367-3F48-9140-3B04BF502D0D}.MinSizeRel|x64.ActiveCfg = MinSizeRel|x64
		{A2B45F73-3367-3F48-9140-3B04BF502D0D}.MinSizeRel|x64.Build.0 = MinSizeRel|x64
		{A2B45F73-3367-3F48-9140-3B04BF502D0D}.RelWithDebInfo|x64.ActiveCfg = RelWithDebInfo|x64
		{A2B45F73-3367-3F48-9140-3B04BF502D0D}.RelWithDebInfo|x64.Build.0 = RelWithDebInfo|x64
		{6EDEF4F0-0865-3F68-ADD2-422C9B04B9A4}.Debug|x64.ActiveCfg = Debug|x64
		{6EDEF4F0-0865-3F68-ADD2-422C9B04B9A4}.Debug|x64.Build.0 = Debug|x64
		{6EDEF4F0-0865-3F68-ADD2-422C9B04B9A4}.Release|x64.ActiveCfg = Release|x64
		{6EDEF4F0-0865-3F68-ADD2-422C9B04B9A4}.Release|x64.Build.0 = Release|x64
		{6EDEF4F0-0865-3F68-ADD2-422C9B04B9A4}.MinSizeRel|x64.ActiveCfg = MinSizeRel|x64
		{6EDEF4F0-0865-3F68-ADD2-422C9B04B9A4}.MinSizeRel|x64.Build.0 = MinSizeRel|x64
		{6EDEF4F0-0865-3F68-ADD2-422C9B04B9A4}.RelWithDebInfo|x64.ActiveCfg = RelWithDebInfo|x64
		{6EDEF4F0-0865-3F68-ADD2-422C9B04B9A4}.RelWithDebInfo|x64.Build.0 = RelWithDebInfo|x64
	EndGlobalSection
	GlobalSection(ExtensibilityGlobals) = postSolution
		SolutionGuid = {BE0693CA-FE49-3809-ABCF-342B94DE46C5}
	EndGlobalSection
	GlobalSection(ExtensibilityAddIns) = postSolution
	EndGlobalSection
EndGlobal
